
Microsoft Visual Studio Solution File, Format Version 12.00
# Visual Studio Version 17
VisualStudioVersion = 17.11.35327.3
MinimumVisualStudioVersion = 10.0.40219.1
Project("{FAE04EC0-301F-11D3-BF4B-00C04F79EFBC}") = "MvcStokv1", "MvcStokv1.csproj", "{681CFC53-96A9-44E2-AB77-10C298E1816B}"
EndProject
Global
	GlobalSection(SolutionConfigurationPlatforms) = preSolution
		Debug|Any CPU = Debug|Any CPU
		Release|Any CPU = Release|Any CPU
	EndGlobalSection
	GlobalSection(ProjectConfigurationPlatforms) = postSolution
		{681CFC53-96A9-44E2-AB77-10C298E1816B}.Debug|Any CPU.ActiveCfg = Debug|Any CPU
		{681CFC53-96A9-44E2-AB77-10C298E1816B}.Debug|Any CPU.Build.0 = Debug|Any CPU
		{681CFC53-96A9-44E2-AB77-10C298E1816B}.Release|Any CPU.ActiveCfg = Release|Any CPU
		{681CFC53-96A9-44E2-AB77-10C298E1816B}.Release|Any CPU.Build.0 = Release|Any CPU
	EndGlobalSection
	GlobalSection(SolutionProperties) = preSolution
		HideSolutionNode = FALSE
	EndGlobalSection
	GlobalSection(ExtensibilityGlobals) = postSolution
		SolutionGuid = {BEA184E3-2C71-427C-998A-B6EEAC568C12}
	EndGlobalSection
EndGlobal
